
Microsoft Visual Studio Solution File, Format Version 12.00
# Visual Studio Version 17
VisualStudioVersion = 17.0.31903.59
MinimumVisualStudioVersion = 10.0.40219.1
Project("{FAE04EC0-301F-11D3-BF4B-00C04F79EFBC}") = "AssignmentManagement.Api", "src\AssignmentManagement.Api\AssignmentManagement.Api.csproj", "{3974182A-F47C-4650-9C89-ECDBBBA1FE83}"
EndProject
Project("{FAE04EC0-301F-11D3-BF4B-00C04F79EFBC}") = "AssignmentManagement.Application", "src\AssignmentManagement.Application\AssignmentManagement.Application.csproj", "{A034CC43-24AA-44F8-9B4D-1816FAED28DB}"
EndProject
Project("{FAE04EC0-301F-11D3-BF4B-00C04F79EFBC}") = "AssignmentManagement.Domain", "src\AssignmentManagement.Domain\AssignmentManagement.Domain.csproj", "{1C7335C0-4AB4-4B4F-A791-78488A33C33F}"
EndProject
Project("{FAE04EC0-301F-11D3-BF4B-00C04F79EFBC}") = "AssignmentManagement.Infrastructure", "src\AssignmentManagement.Infrastructure\AssignmentManagement.Infrastructure.csproj", "{7BC8FDA3-E86C-48A3-9CC2-4F9A83C93D1E}"
EndProject
Project("{2150E333-8FDC-42A3-9474-1A3956D46DE8}") = "tests", "tests", "{0AB3BF05-4346-4AA6-1389-037BE0695223}"
EndProject
Project("{FAE04EC0-301F-11D3-BF4B-00C04F79EFBC}") = "AssignmentManagement.UnitTests", "tests\AssignmentManagement.UnitTests\AssignmentManagement.UnitTests.csproj", "{6F4C56BD-0667-400D-8A1E-D8045DAA3525}"
EndProject
Project("{2150E333-8FDC-42A3-9474-1A3956D46DE8}") = "src", "src", "{827E0CD3-B72D-47B6-A68D-7590B98EB39B}"
EndProject
Project("{FAE04EC0-301F-11D3-BF4B-00C04F79EFBC}") = "AssignmentManagement.IntegrationTests", "tests\AssignmentManagement.IntegrationTests\AssignmentManagement.IntegrationTests.csproj", "{53F9FA2F-564A-42BA-AF51-93B13B684C5B}"
EndProject
Global
	GlobalSection(SolutionConfigurationPlatforms) = preSolution
		Debug|Any CPU = Debug|Any CPU
		Debug|x64 = Debug|x64
		Debug|x86 = Debug|x86
		Release|Any CPU = Release|Any CPU
		Release|x64 = Release|x64
		Release|x86 = Release|x86
	EndGlobalSection
	GlobalSection(ProjectConfigurationPlatforms) = postSolution
		{3974182A-F47C-4650-9C89-ECDBBBA1FE83}.Debug|Any CPU.ActiveCfg = Debug|Any CPU
		{3974182A-F47C-4650-9C89-ECDBBBA1FE83}.Debug|Any CPU.Build.0 = Debug|Any CPU
		{3974182A-F47C-4650-9C89-ECDBBBA1FE83}.Debug|x64.ActiveCfg = Debug|Any CPU
		{3974182A-F47C-4650-9C89-ECDBBBA1FE83}.Debug|x64.Build.0 = Debug|Any CPU
		{3974182A-F47C-4650-9C89-ECDBBBA1FE83}.Debug|x86.ActiveCfg = Debug|Any CPU
		{3974182A-F47C-4650-9C89-ECDBBBA1FE83}.Debug|x86.Build.0 = Debug|Any CPU
		{3974182A-F47C-4650-9C89-ECDBBBA1FE83}.Release|Any CPU.ActiveCfg = Release|Any CPU
		{3974182A-F47C-4650-9C89-ECDBBBA1FE83}.Release|Any CPU.Build.0 = Release|Any CPU
		{3974182A-F47C-4650-9C89-ECDBBBA1FE83}.Release|x64.ActiveCfg = Release|Any CPU
		{3974182A-F47C-4650-9C89-ECDBBBA1FE83}.Release|x64.Build.0 = Release|Any CPU
		{3974182A-F47C-4650-9C89-ECDBBBA1FE83}.Release|x86.ActiveCfg = Release|Any CPU
		{3974182A-F47C-4650-9C89-ECDBBBA1FE83}.Release|x86.Build.0 = Release|Any CPU
		{A034CC43-24AA-44F8-9B4D-1816FAED28DB}.Debug|Any CPU.ActiveCfg = Debug|Any CPU
		{A034CC43-24AA-44F8-9B4D-1816FAED28DB}.Debug|Any CPU.Build.0 = Debug|Any CPU
		{A034CC43-24AA-44F8-9B4D-1816FAED28DB}.Debug|x64.ActiveCfg = Debug|Any CPU
		{A034CC43-24AA-44F8-9B4D-1816FAED28DB}.Debug|x64.Build.0 = Debug|Any CPU
		{A034CC43-24AA-44F8-9B4D-1816FAED28DB}.Debug|x86.ActiveCfg = Debug|Any CPU
		{A034CC43-24AA-44F8-9B4D-1816FAED28DB}.Debug|x86.Build.0 = Debug|Any CPU
		{A034CC43-24AA-44F8-9B4D-1816FAED28DB}.Release|Any CPU.ActiveCfg = Release|Any CPU
		{A034CC43-24AA-44F8-9B4D-1816FAED28DB}.Release|Any CPU.Build.0 = Release|Any CPU
		{A034CC43-24AA-44F8-9B4D-1816FAED28DB}.Release|x64.ActiveCfg = Release|Any CPU
		{A034CC43-24AA-44F8-9B4D-1816FAED28DB}.Release|x64.Build.0 = Release|Any CPU
		{A034CC43-24AA-44F8-9B4D-1816FAED28DB}.Release|x86.ActiveCfg = Release|Any CPU
		{A034CC43-24AA-44F8-9B4D-1816FAED28DB}.Release|x86.Build.0 = Release|Any CPU
		{1C7335C0-4AB4-4B4F-A791-78488A33C33F}.Debug|Any CPU.ActiveCfg = Debug|Any CPU
		{1C7335C0-4AB4-4B4F-A791-78488A33C33F}.Debug|Any CPU.Build.0 = Debug|Any CPU
		{1C7335C0-4AB4-4B4F-A791-78488A33C33F}.Debug|x64.ActiveCfg = Debug|Any CPU
		{1C7335C0-4AB4-4B4F-A791-78488A33C33F}.Debug|x64.Build.0 = Debug|Any CPU
		{1C7335C0-4AB4-4B4F-A791-78488A33C33F}.Debug|x86.ActiveCfg = Debug|Any CPU
		{1C7335C0-4AB4-4B4F-A791-78488A33C33F}.Debug|x86.Build.0 = Debug|Any CPU
		{1C7335C0-4AB4-4B4F-A791-78488A33C33F}.Release|Any CPU.ActiveCfg = Release|Any CPU
		{1C7335C0-4AB4-4B4F-A791-78488A33C33F}.Release|Any CPU.Build.0 = Release|Any CPU
		{1C7335C0-4AB4-4B4F-A791-78488A33C33F}.Release|x64.ActiveCfg = Release|Any CPU
		{1C7335C0-4AB4-4B4F-A791-78488A33C33F}.Release|x64.Build.0 = Release|Any CPU
		{1C7335C0-4AB4-4B4F-A791-78488A33C33F}.Release|x86.ActiveCfg = Release|Any CPU
		{1C7335C0-4AB4-4B4F-A791-78488A33C33F}.Release|x86.Build.0 = Release|Any CPU
		{7BC8FDA3-E86C-48A3-9CC2-4F9A83C93D1E}.Debug|Any CPU.ActiveCfg = Debug|Any CPU
		{7BC8FDA3-E86C-48A3-9CC2-4F9A83C93D1E}.Debug|Any CPU.Build.0 = Debug|Any CPU
		{7BC8FDA3-E86C-48A3-9CC2-4F9A83C93D1E}.Debug|x64.ActiveCfg = Debug|Any CPU
		{7BC8FDA3-E86C-48A3-9CC2-4F9A83C93D1E}.Debug|x64.Build.0 = Debug|Any CPU
		{7BC8FDA3-E86C-48A3-9CC2-4F9A83C93D1E}.Debug|x86.ActiveCfg = Debug|Any CPU
		{7BC8FDA3-E86C-48A3-9CC2-4F9A83C93D1E}.Debug|x86.Build.0 = Debug|Any CPU
		{7BC8FDA3-E86C-48A3-9CC2-4F9A83C93D1E}.Release|Any CPU.ActiveCfg = Release|Any CPU
		{7BC8FDA3-E86C-48A3-9CC2-4F9A83C93D1E}.Release|Any CPU.Build.0 = Release|Any CPU
		{7BC8FDA3-E86C-48A3-9CC2-4F9A83C93D1E}.Release|x64.ActiveCfg = Release|Any CPU
		{7BC8FDA3-E86C-48A3-9CC2-4F9A83C93D1E}.Release|x64.Build.0 = Release|Any CPU
		{7BC8FDA3-E86C-48A3-9CC2-4F9A83C93D1E}.Release|x86.ActiveCfg = Release|Any CPU
		{7BC8FDA3-E86C-48A3-9CC2-4F9A83C93D1E}.Release|x86.Build.0 = Release|Any CPU
		{6F4C56BD-0667-400D-8A1E-D8045DAA3525}.Debug|Any CPU.ActiveCfg = Debug|Any CPU
		{6F4C56BD-0667-400D-8A1E-D8045DAA3525}.Debug|Any CPU.Build.0 = Debug|Any CPU
		{6F4C56BD-0667-400D-8A1E-D8045DAA3525}.Debug|x64.ActiveCfg = Debug|Any CPU
		{6F4C56BD-0667-400D-8A1E-D8045DAA3525}.Debug|x64.Build.0 = Debug|Any CPU
		{6F4C56BD-0667-400D-8A1E-D8045DAA3525}.Debug|x86.ActiveCfg = Debug|Any CPU
		{6F4C56BD-0667-400D-8A1E-D8045DAA3525}.Debug|x86.Build.0 = Debug|Any CPU
		{6F4C56BD-0667-400D-8A1E-D8045DAA3525}.Release|Any CPU.ActiveCfg = Release|Any CPU
		{6F4C56BD-0667-400D-8A1E-D8045DAA3525}.Release|Any CPU.Build.0 = Release|Any CPU
		{6F4C56BD-0667-400D-8A1E-D8045DAA3525}.Release|x64.ActiveCfg = Release|Any CPU
		{6F4C56BD-0667-400D-8A1E-D8045DAA3525}.Release|x64.Build.0 = Release|Any CPU
		{6F4C56BD-0667-400D-8A1E-D8045DAA3525}.Release|x86.ActiveCfg = Release|Any CPU
		{6F4C56BD-0667-400D-8A1E-D8045DAA3525}.Release|x86.Build.0 = Release|Any CPU
		{53F9FA2F-564A-42BA-AF51-93B13B684C5B}.Debug|Any CPU.ActiveCfg = Debug|Any CPU
		{53F9FA2F-564A-42BA-AF51-93B13B684C5B}.Debug|Any CPU.Build.0 = Debug|Any CPU
		{53F9FA2F-564A-42BA-AF51-93B13B684C5B}.Debug|x64.ActiveCfg = Debug|Any CPU
		{53F9FA2F-564A-42BA-AF51-93B13B684C5B}.Debug|x64.Build.0 = Debug|Any CPU
		{53F9FA2F-564A-42BA-AF51-93B13B684C5B}.Debug|x86.ActiveCfg = Debug|Any CPU
		{53F9FA2F-564A-42BA-AF51-93B13B684C5B}.Debug|x86.Build.0 = Debug|Any CPU
		{53F9FA2F-564A-42BA-AF51-93B13B684C5B}.Release|Any CPU.ActiveCfg = Release|Any CPU
		{53F9FA2F-564A-42BA-AF51-93B13B684C5B}.Release|Any CPU.Build.0 = Release|Any CPU
		{53F9FA2F-564A-42BA-AF51-93B13B684C5B}.Release|x64.ActiveCfg = Release|Any CPU
		{53F9FA2F-564A-42BA-AF51-93B13B684C5B}.Release|x64.Build.0 = Release|Any CPU
		{53F9FA2F-564A-42BA-AF51-93B13B684C5B}.Release|x86.ActiveCfg = Release|Any CPU
		{53F9FA2F-564A-42BA-AF51-93B13B684C5B}.Release|x86.Build.0 = Release|Any CPU
	EndGlobalSection
	GlobalSection(SolutionProperties) = preSolution
		HideSolutionNode = FALSE
	EndGlobalSection
	GlobalSection(NestedProjects) = preSolution
		{6F4C56BD-0667-400D-8A1E-D8045DAA3525} = {0AB3BF05-4346-4AA6-1389-037BE0695223}
		{53F9FA2F-564A-42BA-AF51-93B13B684C5B} = {0AB3BF05-4346-4AA6-1389-037BE0695223}
	EndGlobalSection
EndGlobal
